{
  "name": "ai_agent_test",
  "version": "1.0.0",
  "lockfileVersion": 3,
  "requires": true,
  "packages": {
    "": {
      "name": "ai_agent_test",
      "version": "1.0.0",
      "license": "ISC",
      "dependencies": {
        "three": "^0.183.0"
      }
    },
    "node_modules/three": {
      "version": "0.183.0",
      "resolved": "https://registry.npmjs.org/three/-/three-0.183.0.tgz",
      "integrity": "sha512-G6SH2jfefIVa2YI4JL2VbgQhrrbp1A8dRc7lr3PW827kdVyaX2RgH6M5FmjmdVFLgSHppyg3OYOZdTfWElle+g==",
      "license": "MIT"
    }
  }
}
